
Microsoft Visual Studio Solution File, Format Version 12.00
# Visual Studio 15
VisualStudioVersion = 15.0.27130.2027
MinimumVisualStudioVersion = 10.0.40219.1
Project("{9A19103F-16F7-4668-BE54-9A1E7A4F7556}") = "Lansky.CliTree", "Lansky.CliTree\Lansky.CliTree.csproj", "{02466DFD-B4BA-4A19-B73D-FC27A7CDA613}"
EndProject
Project("{9A19103F-16F7-4668-BE54-9A1E7A4F7556}") = "Lansky.CliTree.Test", "Lansky.CliTree.Test\Lansky.CliTree.Test.csproj", "{5750E1C5-7BF8-4788-A369-1BFECE63AAB5}"
EndProject
Global
	GlobalSection(SolutionConfigurationPlatforms) = preSolution
		Debug|Any CPU = Debug|Any CPU
		Release|Any CPU = Release|Any CPU
	EndGlobalSection
	GlobalSection(ProjectConfigurationPlatforms) = postSolution
		{02466DFD-B4BA-4A19-B73D-FC27A7CDA613}.Debug|Any CPU.ActiveCfg = Debug|Any CPU
		{02466DFD-B4BA-4A19-B73D-FC27A7CDA613}.Debug|Any CPU.Build.0 = Debug|Any CPU
		{02466DFD-B4BA-4A19-B73D-FC27A7CDA613}.Release|Any CPU.ActiveCfg = Release|Any CPU
		{02466DFD-B4BA-4A19-B73D-FC27A7CDA613}.Release|Any CPU.Build.0 = Release|Any CPU
		{5750E1C5-7BF8-4788-A369-1BFECE63AAB5}.Debug|Any CPU.ActiveCfg = Debug|Any CPU
		{5750E1C5-7BF8-4788-A369-1BFECE63AAB5}.Debug|Any CPU.Build.0 = Debug|Any CPU
		{5750E1C5-7BF8-4788-A369-1BFECE63AAB5}.Release|Any CPU.ActiveCfg = Release|Any CPU
		{5750E1C5-7BF8-4788-A369-1BFECE63AAB5}.Release|Any CPU.Build.0 = Release|Any CPU
	EndGlobalSection
	GlobalSection(SolutionProperties) = preSolution
		HideSolutionNode = FALSE
	EndGlobalSection
	GlobalSection(ExtensibilityGlobals) = postSolution
		SolutionGuid = {C830E176-DD69-47E9-95E6-57D903E78860}
	EndGlobalSection
EndGlobal
